
Microsoft Visual Studio Solution File, Format Version 12.00
# Visual Studio 14
VisualStudioVersion = 14.0.24720.0
MinimumVisualStudioVersion = 10.0.40219.1
Project("{FAE04EC0-301F-11D3-BF4B-00C04F79EFBC}") = "HR1.DomainModel", "HR1.DomainModel\HR1.DomainModel.csproj", "{BEDD988E-5975-484D-A3CE-1D849B2EB6CC}"
EndProject
Project("{FAE04EC0-301F-11D3-BF4B-00C04F79EFBC}") = "AppCore.IoC", "..\app-core-server\AppCore.IoC\AppCore.IoC.csproj", "{7B3D6E32-A377-4B97-8D95-8A474089252F}"
EndProject
Project("{FAE04EC0-301F-11D3-BF4B-00C04F79EFBC}") = "AppCore.DomainModel.Interface", "..\app-core-server\AppCore.DomainModel.Interface\AppCore.DomainModel.Interface.csproj", "{0A9A6601-7196-41E9-A13C-06CB21E6F314}"
EndProject
Project("{FAE04EC0-301F-11D3-BF4B-00C04F79EFBC}") = "AppCore.DomainModel.Abstractions", "..\app-core-server\AppCore.DomainModel.Abstractions\AppCore.DomainModel.Abstractions.csproj", "{5A6D02B8-CC82-4AB7-858C-4004175D773B}"
EndProject
Project("{2150E333-8FDC-42A3-9474-1A3956D46DE8}") = "AppCore", "AppCore", "{B59487CC-F5E8-4FE0-8A85-EB6E43198650}"
EndProject
Project("{2150E333-8FDC-42A3-9474-1A3956D46DE8}") = "Domain Model", "Domain Model", "{96A25DFA-7225-4BCB-B972-D482298F3477}"
EndProject
Project("{FAE04EC0-301F-11D3-BF4B-00C04F79EFBC}") = "AppCore.EFActionProvider", "..\app-core-server\AppCore.EFActionProvider\AppCore.EFActionProvider.csproj", "{DD081742-3B4B-43E4-AFF8-FCCD92270A3B}"
EndProject
Project("{FAE04EC0-301F-11D3-BF4B-00C04F79EFBC}") = "AppCore.Services.Indexer.Interface", "..\app-core-server\AppCore.Services.Indexer.Interface\AppCore.Services.Indexer.Interface.csproj", "{1A702851-7B5D-43A1-8C0C-3CFD16BEDECB}"
EndProject
Project("{FAE04EC0-301F-11D3-BF4B-00C04F79EFBC}") = "AppCore.Services.Indexer", "..\app-core-server\AppCore.Services.Indexer\AppCore.Services.Indexer.csproj", "{BC77D4A8-851D-46C0-9684-4E440802540C}"
EndProject
Project("{FAE04EC0-301F-11D3-BF4B-00C04F79EFBC}") = "AppCore.Modules.Foundation.DomainModel", "..\app-core-server\AppCore.Modules.Foundation.DomainModel\AppCore.Modules.Foundation.DomainModel.csproj", "{52F4ED47-23A3-46E1-B1B3-DCD6381A37DC}"
EndProject
Project("{FAE04EC0-301F-11D3-BF4B-00C04F79EFBC}") = "AppCore.Modules.HR.DomainModel", "..\app-core-server\AppCore.Modules.HR.DomainModel\AppCore.Modules.HR.DomainModel.csproj", "{3120565D-57A0-48DC-A98E-A2976BB4CE88}"
EndProject
Project("{FAE04EC0-301F-11D3-BF4B-00C04F79EFBC}") = "AppCore.Modules.Financial.DomainModel", "..\app-core-server\AppCore.Modules.Financial.DomainModel\AppCore.Modules.Financial.DomainModel.csproj", "{6533D95D-A764-451A-AEFC-48A9F363A9A4}"
EndProject
Project("{FAE04EC0-301F-11D3-BF4B-00C04F79EFBC}") = "TestApp", "TestApp\TestApp.csproj", "{356A82A2-44DB-4F4B-8F23-DA99889698F0}"
EndProject
Project("{2150E333-8FDC-42A3-9474-1A3956D46DE8}") = "Modules", "Modules", "{7238F1CF-C43B-4859-95A6-A961DC7AAB9A}"
EndProject
Project("{2150E333-8FDC-42A3-9474-1A3956D46DE8}") = "Services", "Services", "{D49DF84C-9E41-4269-B96B-DA2F9653C29B}"
EndProject
Project("{FAE04EC0-301F-11D3-BF4B-00C04F79EFBC}") = "AppCore.API", "..\app-core-server\AppCore.API\AppCore.API.csproj", "{21616985-9787-48D6-BBB7-D4CF2F4DB0D6}"
EndProject
Project("{2150E333-8FDC-42A3-9474-1A3956D46DE8}") = "API", "API", "{3E7A3508-D464-4E20-8BF7-B5C1E1BC60D6}"
EndProject
Project("{FAE04EC0-301F-11D3-BF4B-00C04F79EFBC}") = "AppCore.Services.Identity", "..\app-core-server\AppCore.Services.Identity\AppCore.Services.Identity.csproj", "{D7BBB828-ED68-4EC4-85FB-0F5C534E27E0}"
EndProject
Project("{FAE04EC0-301F-11D3-BF4B-00C04F79EFBC}") = "HR1.Services.Identity", "HR1.Services.Identity\HR1.Services.Identity.csproj", "{345663B9-A6E0-4D3E-84F5-8D771D03BFA7}"
EndProject
Project("{2150E333-8FDC-42A3-9474-1A3956D46DE8}") = "API", "API", "{7F9EE039-AF83-4CEE-911A-EEB77827AFA3}"
EndProject
Project("{FAE04EC0-301F-11D3-BF4B-00C04F79EFBC}") = "HR1.API", "HR1.API\HR1.API.csproj", "{DBC38864-3E26-4C86-9FD7-B77315742DCB}"
EndProject
Project("{FAE04EC0-301F-11D3-BF4B-00C04F79EFBC}") = "AppCore.DistributedServices", "..\app-core-server\AppCore.DistributedServices\AppCore.DistributedServices.csproj", "{F3495667-3C7B-49C6-948B-033AADE2EA53}"
EndProject
Project("{FAE04EC0-301F-11D3-BF4B-00C04F79EFBC}") = "AppCore.Services.Scripting", "..\app-core-server\AppCore.Services.Scripting\AppCore.Services.Scripting.csproj", "{BDE88956-2D1F-494B-8D3E-222BB78961A5}"
EndProject
Global
	GlobalSection(SolutionConfigurationPlatforms) = preSolution
		Debug|Any CPU = Debug|Any CPU
		Release|Any CPU = Release|Any CPU
	EndGlobalSection
	GlobalSection(ProjectConfigurationPlatforms) = postSolution
		{BEDD988E-5975-484D-A3CE-1D849B2EB6CC}.Debug|Any CPU.ActiveCfg = Debug|Any CPU
		{BEDD988E-5975-484D-A3CE-1D849B2EB6CC}.Debug|Any CPU.Build.0 = Debug|Any CPU
		{BEDD988E-5975-484D-A3CE-1D849B2EB6CC}.Release|Any CPU.ActiveCfg = Release|Any CPU
		{BEDD988E-5975-484D-A3CE-1D849B2EB6CC}.Release|Any CPU.Build.0 = Release|Any CPU
		{7B3D6E32-A377-4B97-8D95-8A474089252F}.Debug|Any CPU.ActiveCfg = Debug|Any CPU
		{7B3D6E32-A377-4B97-8D95-8A474089252F}.Debug|Any CPU.Build.0 = Debug|Any CPU
		{7B3D6E32-A377-4B97-8D95-8A474089252F}.Release|Any CPU.ActiveCfg = Release|Any CPU
		{7B3D6E32-A377-4B97-8D95-8A474089252F}.Release|Any CPU.Build.0 = Release|Any CPU
		{0A9A6601-7196-41E9-A13C-06CB21E6F314}.Debug|Any CPU.ActiveCfg = Debug|Any CPU
		{0A9A6601-7196-41E9-A13C-06CB21E6F314}.Debug|Any CPU.Build.0 = Debug|Any CPU
		{0A9A6601-7196-41E9-A13C-06CB21E6F314}.Release|Any CPU.ActiveCfg = Release|Any CPU
		{0A9A6601-7196-41E9-A13C-06CB21E6F314}.Release|Any CPU.Build.0 = Release|Any CPU
		{5A6D02B8-CC82-4AB7-858C-4004175D773B}.Debug|Any CPU.ActiveCfg = Debug|Any CPU
		{5A6D02B8-CC82-4AB7-858C-4004175D773B}.Debug|Any CPU.Build.0 = Debug|Any CPU
		{5A6D02B8-CC82-4AB7-858C-4004175D773B}.Release|Any CPU.ActiveCfg = Release|Any CPU
		{5A6D02B8-CC82-4AB7-858C-4004175D773B}.Release|Any CPU.Build.0 = Release|Any CPU
		{DD081742-3B4B-43E4-AFF8-FCCD92270A3B}.Debug|Any CPU.ActiveCfg = Debug|Any CPU
		{DD081742-3B4B-43E4-AFF8-FCCD92270A3B}.Debug|Any CPU.Build.0 = Debug|Any CPU
		{DD081742-3B4B-43E4-AFF8-FCCD92270A3B}.Release|Any CPU.ActiveCfg = Release|Any CPU
		{DD081742-3B4B-43E4-AFF8-FCCD92270A3B}.Release|Any CPU.Build.0 = Release|Any CPU
		{1A702851-7B5D-43A1-8C0C-3CFD16BEDECB}.Debug|Any CPU.ActiveCfg = Debug|Any CPU
		{1A702851-7B5D-43A1-8C0C-3CFD16BEDECB}.Debug|Any CPU.Build.0 = Debug|Any CPU
		{1A702851-7B5D-43A1-8C0C-3CFD16BEDECB}.Release|Any CPU.ActiveCfg = Release|Any CPU
		{1A702851-7B5D-43A1-8C0C-3CFD16BEDECB}.Release|Any CPU.Build.0 = Release|Any CPU
		{BC77D4A8-851D-46C0-9684-4E440802540C}.Debug|Any CPU.ActiveCfg = Debug|Any CPU
		{BC77D4A8-851D-46C0-9684-4E440802540C}.Debug|Any CPU.Build.0 = Debug|Any CPU
		{BC77D4A8-851D-46C0-9684-4E440802540C}.Release|Any CPU.ActiveCfg = Release|Any CPU
		{BC77D4A8-851D-46C0-9684-4E440802540C}.Release|Any CPU.Build.0 = Release|Any CPU
		{52F4ED47-23A3-46E1-B1B3-DCD6381A37DC}.Debug|Any CPU.ActiveCfg = Debug|Any CPU
		{52F4ED47-23A3-46E1-B1B3-DCD6381A37DC}.Debug|Any CPU.Build.0 = Debug|Any CPU
		{52F4ED47-23A3-46E1-B1B3-DCD6381A37DC}.Release|Any CPU.ActiveCfg = Release|Any CPU
		{52F4ED47-23A3-46E1-B1B3-DCD6381A37DC}.Release|Any CPU.Build.0 = Release|Any CPU
		{3120565D-57A0-48DC-A98E-A2976BB4CE88}.Debug|Any CPU.ActiveCfg = Debug|Any CPU
		{3120565D-57A0-48DC-A98E-A2976BB4CE88}.Debug|Any CPU.Build.0 = Debug|Any CPU
		{3120565D-57A0-48DC-A98E-A2976BB4CE88}.Release|Any CPU.ActiveCfg = Release|Any CPU
		{3120565D-57A0-48DC-A98E-A2976BB4CE88}.Release|Any CPU.Build.0 = Release|Any CPU
		{6533D95D-A764-451A-AEFC-48A9F363A9A4}.Debug|Any CPU.ActiveCfg = Debug|Any CPU
		{6533D95D-A764-451A-AEFC-48A9F363A9A4}.Debug|Any CPU.Build.0 = Debug|Any CPU
		{6533D95D-A764-451A-AEFC-48A9F363A9A4}.Release|Any CPU.ActiveCfg = Release|Any CPU
		{6533D95D-A764-451A-AEFC-48A9F363A9A4}.Release|Any CPU.Build.0 = Release|Any CPU
		{356A82A2-44DB-4F4B-8F23-DA99889698F0}.Debug|Any CPU.ActiveCfg = Debug|Any CPU
		{356A82A2-44DB-4F4B-8F23-DA99889698F0}.Debug|Any CPU.Build.0 = Debug|Any CPU
		{356A82A2-44DB-4F4B-8F23-DA99889698F0}.Release|Any CPU.ActiveCfg = Release|Any CPU
		{356A82A2-44DB-4F4B-8F23-DA99889698F0}.Release|Any CPU.Build.0 = Release|Any CPU
		{21616985-9787-48D6-BBB7-D4CF2F4DB0D6}.Debug|Any CPU.ActiveCfg = Debug|Any CPU
		{21616985-9787-48D6-BBB7-D4CF2F4DB0D6}.Debug|Any CPU.Build.0 = Debug|Any CPU
		{21616985-9787-48D6-BBB7-D4CF2F4DB0D6}.Release|Any CPU.ActiveCfg = Release|Any CPU
		{21616985-9787-48D6-BBB7-D4CF2F4DB0D6}.Release|Any CPU.Build.0 = Release|Any CPU
		{D7BBB828-ED68-4EC4-85FB-0F5C534E27E0}.Debug|Any CPU.ActiveCfg = Debug|Any CPU
		{D7BBB828-ED68-4EC4-85FB-0F5C534E27E0}.Debug|Any CPU.Build.0 = Debug|Any CPU
		{D7BBB828-ED68-4EC4-85FB-0F5C534E27E0}.Release|Any CPU.ActiveCfg = Release|Any CPU
		{D7BBB828-ED68-4EC4-85FB-0F5C534E27E0}.Release|Any CPU.Build.0 = Release|Any CPU
		{345663B9-A6E0-4D3E-84F5-8D771D03BFA7}.Debug|Any CPU.ActiveCfg = Debug|Any CPU
		{345663B9-A6E0-4D3E-84F5-8D771D03BFA7}.Debug|Any CPU.Build.0 = Debug|Any CPU
		{345663B9-A6E0-4D3E-84F5-8D771D03BFA7}.Release|Any CPU.ActiveCfg = Release|Any CPU
		{345663B9-A6E0-4D3E-84F5-8D771D03BFA7}.Release|Any CPU.Build.0 = Release|Any CPU
		{DBC38864-3E26-4C86-9FD7-B77315742DCB}.Debug|Any CPU.ActiveCfg = Debug|Any CPU
		{DBC38864-3E26-4C86-9FD7-B77315742DCB}.Debug|Any CPU.Build.0 = Debug|Any CPU
		{DBC38864-3E26-4C86-9FD7-B77315742DCB}.Release|Any CPU.ActiveCfg = Release|Any CPU
		{DBC38864-3E26-4C86-9FD7-B77315742DCB}.Release|Any CPU.Build.0 = Release|Any CPU
		{F3495667-3C7B-49C6-948B-033AADE2EA53}.Debug|Any CPU.ActiveCfg = Debug|Any CPU
		{F3495667-3C7B-49C6-948B-033AADE2EA53}.Debug|Any CPU.Build.0 = Debug|Any CPU
		{F3495667-3C7B-49C6-948B-033AADE2EA53}.Release|Any CPU.ActiveCfg = Release|Any CPU
		{F3495667-3C7B-49C6-948B-033AADE2EA53}.Release|Any CPU.Build.0 = Release|Any CPU
		{BDE88956-2D1F-494B-8D3E-222BB78961A5}.Debug|Any CPU.ActiveCfg = Debug|Any CPU
		{BDE88956-2D1F-494B-8D3E-222BB78961A5}.Debug|Any CPU.Build.0 = Debug|Any CPU
		{BDE88956-2D1F-494B-8D3E-222BB78961A5}.Release|Any CPU.ActiveCfg = Release|Any CPU
		{BDE88956-2D1F-494B-8D3E-222BB78961A5}.Release|Any CPU.Build.0 = Release|Any CPU
	EndGlobalSection
	GlobalSection(SolutionProperties) = preSolution
		HideSolutionNode = FALSE
	EndGlobalSection
	GlobalSection(NestedProjects) = preSolution
		{BEDD988E-5975-484D-A3CE-1D849B2EB6CC} = {96A25DFA-7225-4BCB-B972-D482298F3477}
		{7B3D6E32-A377-4B97-8D95-8A474089252F} = {D49DF84C-9E41-4269-B96B-DA2F9653C29B}
		{0A9A6601-7196-41E9-A13C-06CB21E6F314} = {B59487CC-F5E8-4FE0-8A85-EB6E43198650}
		{5A6D02B8-CC82-4AB7-858C-4004175D773B} = {B59487CC-F5E8-4FE0-8A85-EB6E43198650}
		{DD081742-3B4B-43E4-AFF8-FCCD92270A3B} = {D49DF84C-9E41-4269-B96B-DA2F9653C29B}
		{1A702851-7B5D-43A1-8C0C-3CFD16BEDECB} = {D49DF84C-9E41-4269-B96B-DA2F9653C29B}
		{BC77D4A8-851D-46C0-9684-4E440802540C} = {D49DF84C-9E41-4269-B96B-DA2F9653C29B}
		{52F4ED47-23A3-46E1-B1B3-DCD6381A37DC} = {7238F1CF-C43B-4859-95A6-A961DC7AAB9A}
		{3120565D-57A0-48DC-A98E-A2976BB4CE88} = {7238F1CF-C43B-4859-95A6-A961DC7AAB9A}
		{6533D95D-A764-451A-AEFC-48A9F363A9A4} = {7238F1CF-C43B-4859-95A6-A961DC7AAB9A}
		{7238F1CF-C43B-4859-95A6-A961DC7AAB9A} = {B59487CC-F5E8-4FE0-8A85-EB6E43198650}
		{D49DF84C-9E41-4269-B96B-DA2F9653C29B} = {B59487CC-F5E8-4FE0-8A85-EB6E43198650}
		{21616985-9787-48D6-BBB7-D4CF2F4DB0D6} = {3E7A3508-D464-4E20-8BF7-B5C1E1BC60D6}
		{3E7A3508-D464-4E20-8BF7-B5C1E1BC60D6} = {B59487CC-F5E8-4FE0-8A85-EB6E43198650}
		{D7BBB828-ED68-4EC4-85FB-0F5C534E27E0} = {D49DF84C-9E41-4269-B96B-DA2F9653C29B}
		{345663B9-A6E0-4D3E-84F5-8D771D03BFA7} = {96A25DFA-7225-4BCB-B972-D482298F3477}
		{DBC38864-3E26-4C86-9FD7-B77315742DCB} = {7F9EE039-AF83-4CEE-911A-EEB77827AFA3}
		{F3495667-3C7B-49C6-948B-033AADE2EA53} = {D49DF84C-9E41-4269-B96B-DA2F9653C29B}
		{BDE88956-2D1F-494B-8D3E-222BB78961A5} = {D49DF84C-9E41-4269-B96B-DA2F9653C29B}
	EndGlobalSection
EndGlobal
