
Microsoft Visual Studio Solution File, Format Version 12.00
# Visual Studio 14
VisualStudioVersion = 14.0.25123.0
MinimumVisualStudioVersion = 10.0.40219.1
Project("{FAE04EC0-301F-11D3-BF4B-00C04F79EFBC}") = "HM1.DomainModel", "HM1.DomainModel\HM1.DomainModel.csproj", "{C771AC8C-0571-4E46-A80A-602CA8FD5350}"
EndProject
Project("{2150E333-8FDC-42A3-9474-1A3956D46DE8}") = "Domain Model", "Domain Model", "{5BBBD8D5-1102-45EF-A4D0-FF67380791B3}"
EndProject
Project("{2150E333-8FDC-42A3-9474-1A3956D46DE8}") = "AppCore", "AppCore", "{4599752F-B713-4F1B-8F1B-60B81E03985F}"
EndProject
Project("{2150E333-8FDC-42A3-9474-1A3956D46DE8}") = "Services", "Services", "{503D94BD-4029-4319-916C-A6B018477266}"
EndProject
Project("{2150E333-8FDC-42A3-9474-1A3956D46DE8}") = "API", "API", "{0E58669C-3B5E-47C9-A7CF-0A13CD046C59}"
EndProject
Project("{2150E333-8FDC-42A3-9474-1A3956D46DE8}") = "Modules", "Modules", "{3D2793C4-14FB-4FEA-BC3F-EC0A1E4856EE}"
EndProject
Project("{FAE04EC0-301F-11D3-BF4B-00C04F79EFBC}") = "AppCore.DomainModel.Abstractions", "..\..\app-core-server\AppCore.DomainModel.Abstractions\AppCore.DomainModel.Abstractions.csproj", "{5A6D02B8-CC82-4AB7-858C-4004175D773B}"
EndProject
Project("{FAE04EC0-301F-11D3-BF4B-00C04F79EFBC}") = "AppCore.DomainModel.Interface", "..\..\app-core-server\AppCore.DomainModel.Interface\AppCore.DomainModel.Interface.csproj", "{0A9A6601-7196-41E9-A13C-06CB21E6F314}"
EndProject
Project("{FAE04EC0-301F-11D3-BF4B-00C04F79EFBC}") = "AppCore.DistributedServices", "..\..\app-core-server\AppCore.DistributedServices\AppCore.DistributedServices.csproj", "{F3495667-3C7B-49C6-948B-033AADE2EA53}"
EndProject
Project("{FAE04EC0-301F-11D3-BF4B-00C04F79EFBC}") = "AppCore.EFActionProvider", "..\..\app-core-server\AppCore.EFActionProvider\AppCore.EFActionProvider.csproj", "{DD081742-3B4B-43E4-AFF8-FCCD92270A3B}"
EndProject
Project("{FAE04EC0-301F-11D3-BF4B-00C04F79EFBC}") = "AppCore.IoC", "..\..\app-core-server\AppCore.IoC\AppCore.IoC.csproj", "{7B3D6E32-A377-4B97-8D95-8A474089252F}"
EndProject
Project("{FAE04EC0-301F-11D3-BF4B-00C04F79EFBC}") = "AppCore.Services.Identity", "..\..\app-core-server\AppCore.Services.Identity\AppCore.Services.Identity.csproj", "{D7BBB828-ED68-4EC4-85FB-0F5C534E27E0}"
EndProject
Project("{FAE04EC0-301F-11D3-BF4B-00C04F79EFBC}") = "AppCore.Services.Indexer", "..\..\app-core-server\AppCore.Services.Indexer\AppCore.Services.Indexer.csproj", "{BC77D4A8-851D-46C0-9684-4E440802540C}"
EndProject
Project("{FAE04EC0-301F-11D3-BF4B-00C04F79EFBC}") = "AppCore.Services.Indexer.Interface", "..\..\app-core-server\AppCore.Services.Indexer.Interface\AppCore.Services.Indexer.Interface.csproj", "{1A702851-7B5D-43A1-8C0C-3CFD16BEDECB}"
EndProject
Project("{FAE04EC0-301F-11D3-BF4B-00C04F79EFBC}") = "AppCore.Modules.Foundation.DomainModel", "..\..\app-core-server\AppCore.Modules.Foundation.DomainModel\AppCore.Modules.Foundation.DomainModel.csproj", "{52F4ED47-23A3-46E1-B1B3-DCD6381A37DC}"
EndProject
Project("{FAE04EC0-301F-11D3-BF4B-00C04F79EFBC}") = "AppCore.Modules.Financial.DomainModel", "..\..\app-core-server\AppCore.Modules.Financial.DomainModel\AppCore.Modules.Financial.DomainModel.csproj", "{6533D95D-A764-451A-AEFC-48A9F363A9A4}"
EndProject
Project("{FAE04EC0-301F-11D3-BF4B-00C04F79EFBC}") = "AppCore.API", "..\..\app-core-server\AppCore.API\AppCore.API.csproj", "{21616985-9787-48D6-BBB7-D4CF2F4DB0D6}"
EndProject
Project("{FAE04EC0-301F-11D3-BF4B-00C04F79EFBC}") = "HM1.Services.Identity", "HM1.Services.Identity\HM1.Services.Identity.csproj", "{FE29E8AB-56EE-4469-9012-CA33F1193761}"
EndProject
Project("{2150E333-8FDC-42A3-9474-1A3956D46DE8}") = "API", "API", "{B79EF68B-0F19-46BB-9416-CE84A4015CF7}"
EndProject
Project("{FAE04EC0-301F-11D3-BF4B-00C04F79EFBC}") = "HM1.API", "HM1.API\HM1.API.csproj", "{ACFD9536-3F2E-4165-B8B5-6BFA9ADDBB17}"
EndProject
Global
	GlobalSection(SolutionConfigurationPlatforms) = preSolution
		Debug|Any CPU = Debug|Any CPU
		Release|Any CPU = Release|Any CPU
	EndGlobalSection
	GlobalSection(ProjectConfigurationPlatforms) = postSolution
		{C771AC8C-0571-4E46-A80A-602CA8FD5350}.Debug|Any CPU.ActiveCfg = Debug|Any CPU
		{C771AC8C-0571-4E46-A80A-602CA8FD5350}.Debug|Any CPU.Build.0 = Debug|Any CPU
		{C771AC8C-0571-4E46-A80A-602CA8FD5350}.Release|Any CPU.ActiveCfg = Release|Any CPU
		{C771AC8C-0571-4E46-A80A-602CA8FD5350}.Release|Any CPU.Build.0 = Release|Any CPU
		{5A6D02B8-CC82-4AB7-858C-4004175D773B}.Debug|Any CPU.ActiveCfg = Debug|Any CPU
		{5A6D02B8-CC82-4AB7-858C-4004175D773B}.Debug|Any CPU.Build.0 = Debug|Any CPU
		{5A6D02B8-CC82-4AB7-858C-4004175D773B}.Release|Any CPU.ActiveCfg = Release|Any CPU
		{5A6D02B8-CC82-4AB7-858C-4004175D773B}.Release|Any CPU.Build.0 = Release|Any CPU
		{0A9A6601-7196-41E9-A13C-06CB21E6F314}.Debug|Any CPU.ActiveCfg = Debug|Any CPU
		{0A9A6601-7196-41E9-A13C-06CB21E6F314}.Debug|Any CPU.Build.0 = Debug|Any CPU
		{0A9A6601-7196-41E9-A13C-06CB21E6F314}.Release|Any CPU.ActiveCfg = Release|Any CPU
		{0A9A6601-7196-41E9-A13C-06CB21E6F314}.Release|Any CPU.Build.0 = Release|Any CPU
		{F3495667-3C7B-49C6-948B-033AADE2EA53}.Debug|Any CPU.ActiveCfg = Debug|Any CPU
		{F3495667-3C7B-49C6-948B-033AADE2EA53}.Debug|Any CPU.Build.0 = Debug|Any CPU
		{F3495667-3C7B-49C6-948B-033AADE2EA53}.Release|Any CPU.ActiveCfg = Release|Any CPU
		{F3495667-3C7B-49C6-948B-033AADE2EA53}.Release|Any CPU.Build.0 = Release|Any CPU
		{DD081742-3B4B-43E4-AFF8-FCCD92270A3B}.Debug|Any CPU.ActiveCfg = Debug|Any CPU
		{DD081742-3B4B-43E4-AFF8-FCCD92270A3B}.Debug|Any CPU.Build.0 = Debug|Any CPU
		{DD081742-3B4B-43E4-AFF8-FCCD92270A3B}.Release|Any CPU.ActiveCfg = Release|Any CPU
		{DD081742-3B4B-43E4-AFF8-FCCD92270A3B}.Release|Any CPU.Build.0 = Release|Any CPU
		{7B3D6E32-A377-4B97-8D95-8A474089252F}.Debug|Any CPU.ActiveCfg = Debug|Any CPU
		{7B3D6E32-A377-4B97-8D95-8A474089252F}.Debug|Any CPU.Build.0 = Debug|Any CPU
		{7B3D6E32-A377-4B97-8D95-8A474089252F}.Release|Any CPU.ActiveCfg = Release|Any CPU
		{7B3D6E32-A377-4B97-8D95-8A474089252F}.Release|Any CPU.Build.0 = Release|Any CPU
		{D7BBB828-ED68-4EC4-85FB-0F5C534E27E0}.Debug|Any CPU.ActiveCfg = Debug|Any CPU
		{D7BBB828-ED68-4EC4-85FB-0F5C534E27E0}.Debug|Any CPU.Build.0 = Debug|Any CPU
		{D7BBB828-ED68-4EC4-85FB-0F5C534E27E0}.Release|Any CPU.ActiveCfg = Release|Any CPU
		{D7BBB828-ED68-4EC4-85FB-0F5C534E27E0}.Release|Any CPU.Build.0 = Release|Any CPU
		{BC77D4A8-851D-46C0-9684-4E440802540C}.Debug|Any CPU.ActiveCfg = Debug|Any CPU
		{BC77D4A8-851D-46C0-9684-4E440802540C}.Debug|Any CPU.Build.0 = Debug|Any CPU
		{BC77D4A8-851D-46C0-9684-4E440802540C}.Release|Any CPU.ActiveCfg = Release|Any CPU
		{BC77D4A8-851D-46C0-9684-4E440802540C}.Release|Any CPU.Build.0 = Release|Any CPU
		{1A702851-7B5D-43A1-8C0C-3CFD16BEDECB}.Debug|Any CPU.ActiveCfg = Debug|Any CPU
		{1A702851-7B5D-43A1-8C0C-3CFD16BEDECB}.Debug|Any CPU.Build.0 = Debug|Any CPU
		{1A702851-7B5D-43A1-8C0C-3CFD16BEDECB}.Release|Any CPU.ActiveCfg = Release|Any CPU
		{1A702851-7B5D-43A1-8C0C-3CFD16BEDECB}.Release|Any CPU.Build.0 = Release|Any CPU
		{52F4ED47-23A3-46E1-B1B3-DCD6381A37DC}.Debug|Any CPU.ActiveCfg = Debug|Any CPU
		{52F4ED47-23A3-46E1-B1B3-DCD6381A37DC}.Debug|Any CPU.Build.0 = Debug|Any CPU
		{52F4ED47-23A3-46E1-B1B3-DCD6381A37DC}.Release|Any CPU.ActiveCfg = Release|Any CPU
		{52F4ED47-23A3-46E1-B1B3-DCD6381A37DC}.Release|Any CPU.Build.0 = Release|Any CPU
		{6533D95D-A764-451A-AEFC-48A9F363A9A4}.Debug|Any CPU.ActiveCfg = Debug|Any CPU
		{6533D95D-A764-451A-AEFC-48A9F363A9A4}.Debug|Any CPU.Build.0 = Debug|Any CPU
		{6533D95D-A764-451A-AEFC-48A9F363A9A4}.Release|Any CPU.ActiveCfg = Release|Any CPU
		{6533D95D-A764-451A-AEFC-48A9F363A9A4}.Release|Any CPU.Build.0 = Release|Any CPU
		{21616985-9787-48D6-BBB7-D4CF2F4DB0D6}.Debug|Any CPU.ActiveCfg = Debug|Any CPU
		{21616985-9787-48D6-BBB7-D4CF2F4DB0D6}.Debug|Any CPU.Build.0 = Debug|Any CPU
		{21616985-9787-48D6-BBB7-D4CF2F4DB0D6}.Release|Any CPU.ActiveCfg = Release|Any CPU
		{21616985-9787-48D6-BBB7-D4CF2F4DB0D6}.Release|Any CPU.Build.0 = Release|Any CPU
		{FE29E8AB-56EE-4469-9012-CA33F1193761}.Debug|Any CPU.ActiveCfg = Debug|Any CPU
		{FE29E8AB-56EE-4469-9012-CA33F1193761}.Debug|Any CPU.Build.0 = Debug|Any CPU
		{FE29E8AB-56EE-4469-9012-CA33F1193761}.Release|Any CPU.ActiveCfg = Release|Any CPU
		{FE29E8AB-56EE-4469-9012-CA33F1193761}.Release|Any CPU.Build.0 = Release|Any CPU
		{ACFD9536-3F2E-4165-B8B5-6BFA9ADDBB17}.Debug|Any CPU.ActiveCfg = Debug|Any CPU
		{ACFD9536-3F2E-4165-B8B5-6BFA9ADDBB17}.Debug|Any CPU.Build.0 = Debug|Any CPU
		{ACFD9536-3F2E-4165-B8B5-6BFA9ADDBB17}.Release|Any CPU.ActiveCfg = Release|Any CPU
		{ACFD9536-3F2E-4165-B8B5-6BFA9ADDBB17}.Release|Any CPU.Build.0 = Release|Any CPU
	EndGlobalSection
	GlobalSection(SolutionProperties) = preSolution
		HideSolutionNode = FALSE
	EndGlobalSection
	GlobalSection(NestedProjects) = preSolution
		{C771AC8C-0571-4E46-A80A-602CA8FD5350} = {5BBBD8D5-1102-45EF-A4D0-FF67380791B3}
		{503D94BD-4029-4319-916C-A6B018477266} = {4599752F-B713-4F1B-8F1B-60B81E03985F}
		{0E58669C-3B5E-47C9-A7CF-0A13CD046C59} = {4599752F-B713-4F1B-8F1B-60B81E03985F}
		{3D2793C4-14FB-4FEA-BC3F-EC0A1E4856EE} = {4599752F-B713-4F1B-8F1B-60B81E03985F}
		{5A6D02B8-CC82-4AB7-858C-4004175D773B} = {4599752F-B713-4F1B-8F1B-60B81E03985F}
		{0A9A6601-7196-41E9-A13C-06CB21E6F314} = {4599752F-B713-4F1B-8F1B-60B81E03985F}
		{F3495667-3C7B-49C6-948B-033AADE2EA53} = {503D94BD-4029-4319-916C-A6B018477266}
		{DD081742-3B4B-43E4-AFF8-FCCD92270A3B} = {503D94BD-4029-4319-916C-A6B018477266}
		{7B3D6E32-A377-4B97-8D95-8A474089252F} = {503D94BD-4029-4319-916C-A6B018477266}
		{D7BBB828-ED68-4EC4-85FB-0F5C534E27E0} = {503D94BD-4029-4319-916C-A6B018477266}
		{BC77D4A8-851D-46C0-9684-4E440802540C} = {503D94BD-4029-4319-916C-A6B018477266}
		{1A702851-7B5D-43A1-8C0C-3CFD16BEDECB} = {503D94BD-4029-4319-916C-A6B018477266}
		{52F4ED47-23A3-46E1-B1B3-DCD6381A37DC} = {3D2793C4-14FB-4FEA-BC3F-EC0A1E4856EE}
		{6533D95D-A764-451A-AEFC-48A9F363A9A4} = {3D2793C4-14FB-4FEA-BC3F-EC0A1E4856EE}
		{21616985-9787-48D6-BBB7-D4CF2F4DB0D6} = {0E58669C-3B5E-47C9-A7CF-0A13CD046C59}
		{FE29E8AB-56EE-4469-9012-CA33F1193761} = {5BBBD8D5-1102-45EF-A4D0-FF67380791B3}
		{ACFD9536-3F2E-4165-B8B5-6BFA9ADDBB17} = {B79EF68B-0F19-46BB-9416-CE84A4015CF7}
	EndGlobalSection
EndGlobal
